
Microsoft Visual Studio Solution File, Format Version 12.00
# Visual Studio Version 17
VisualStudioVersion = 17.0.31903.59
MinimumVisualStudioVersion = 10.0.40219.1
Project("{2150E333-8FDC-42A3-9474-1A3956D46DE8}") = "C#课程", "C#课程", "{DF9BDAF8-4F74-8EC5-A75F-450B85C23C02}"
EndProject
Project("{2150E333-8FDC-42A3-9474-1A3956D46DE8}") = "第01课_认识CSharp与开发环境", "第01课_认识CSharp与开发环境", "{63217BE5-B4FB-1115-5632-ED3A89A3E81C}"
EndProject
Project("{2150E333-8FDC-42A3-9474-1A3956D46DE8}") = "Examples", "Examples", "{A8E9ABEB-C038-F8C0-6B79-C3021EE39FA8}"
EndProject
Project("{FAE04EC0-301F-11D3-BF4B-00C04F79EFBC}") = "第01课_认识CSharp与开发环境", "C#课程\第01课_认识CSharp与开发环境\Examples\第01课_认识CSharp与开发环境.csproj", "{6420D94A-9092-415D-BE96-45A6D2EE0C3B}"
EndProject
Project("{2150E333-8FDC-42A3-9474-1A3956D46DE8}") = "第02课_变量_类型_输入输出", "第02课_变量_类型_输入输出", "{00B10D18-7798-2906-204A-3034CBC8F480}"
EndProject
Project("{2150E333-8FDC-42A3-9474-1A3956D46DE8}") = "Examples", "Examples", "{0ADBB292-204A-573B-9D2D-3D9CFFEE2501}"
EndProject
Project("{FAE04EC0-301F-11D3-BF4B-00C04F79EFBC}") = "第02课_变量_类型_输入输出", "C#课程\第02课_变量_类型_输入输出\Examples\第02课_变量_类型_输入输出.csproj", "{E3380375-9F98-4C72-A6D1-8CF59F71464F}"
EndProject
Project("{2150E333-8FDC-42A3-9474-1A3956D46DE8}") = "第03课_运算符与流程控制", "第03课_运算符与流程控制", "{729C83CB-A395-C7D7-77D2-DA3D2413E9B3}"
EndProject
Project("{2150E333-8FDC-42A3-9474-1A3956D46DE8}") = "Examples", "Examples", "{6D7FA3E2-BBFF-B894-56B9-1A5F1F4CACE3}"
EndProject
Project("{FAE04EC0-301F-11D3-BF4B-00C04F79EFBC}") = "第03课_运算符与流程控制", "C#课程\第03课_运算符与流程控制\Examples\第03课_运算符与流程控制.csproj", "{5C088CC0-6FC6-4C50-B455-0ADCB6F8211C}"
EndProject
Project("{2150E333-8FDC-42A3-9474-1A3956D46DE8}") = "第04课_循环与调试思维", "第04课_循环与调试思维", "{0EBE556C-BCDC-8D61-0CCE-54B0021AE9AF}"
EndProject
Project("{2150E333-8FDC-42A3-9474-1A3956D46DE8}") = "Examples", "Examples", "{649020E1-6D02-8CD0-6B5D-82A8AE264A30}"
EndProject
Project("{FAE04EC0-301F-11D3-BF4B-00C04F79EFBC}") = "第04课_循环与调试思维", "C#课程\第04课_循环与调试思维\Examples\第04课_循环与调试思维.csproj", "{7DE5025B-1EB2-46AD-B35C-04A8D69E510C}"
EndProject
Project("{2150E333-8FDC-42A3-9474-1A3956D46DE8}") = "第05课_数组_列表_字符串", "第05课_数组_列表_字符串", "{233DD281-B355-2BBA-ECA7-DA21580EF00B}"
EndProject
Project("{2150E333-8FDC-42A3-9474-1A3956D46DE8}") = "Examples", "Examples", "{A4E8AE21-F2F1-452A-851C-AF31966C9667}"
EndProject
Project("{FAE04EC0-301F-11D3-BF4B-00C04F79EFBC}") = "第05课_数组_列表_字符串", "C#课程\第05课_数组_列表_字符串\Examples\第05课_数组_列表_字符串.csproj", "{6EB50BBA-9026-49B1-A586-EC97746EDB5A}"
EndProject
Project("{2150E333-8FDC-42A3-9474-1A3956D46DE8}") = "第06课_方法与代码复用", "第06课_方法与代码复用", "{540A8F94-ED4C-80C4-666C-75F7D421422B}"
EndProject
Project("{2150E333-8FDC-42A3-9474-1A3956D46DE8}") = "Examples", "Examples", "{2FCC55E1-0F2D-B005-FBB3-95C81D07176E}"
EndProject
Project("{FAE04EC0-301F-11D3-BF4B-00C04F79EFBC}") = "第06课_方法与代码复用", "C#课程\第06课_方法与代码复用\Examples\第06课_方法与代码复用.csproj", "{36178F06-3DF1-47DD-92BD-A6B9D63C60A1}"
EndProject
Project("{2150E333-8FDC-42A3-9474-1A3956D46DE8}") = "第07课_面向对象基础", "第07课_面向对象基础", "{EE8B1235-F3F9-247B-C588-2F53B8EB4D03}"
EndProject
Project("{2150E333-8FDC-42A3-9474-1A3956D46DE8}") = "Examples", "Examples", "{74F2C3EA-7BE5-B5EF-F812-3324E9CDE06C}"
EndProject
Project("{FAE04EC0-301F-11D3-BF4B-00C04F79EFBC}") = "第07课_面向对象基础", "C#课程\第07课_面向对象基础\Examples\第07课_面向对象基础.csproj", "{7495ADB0-106C-44AA-A82C-6838E24C1BA9}"
EndProject
Project("{2150E333-8FDC-42A3-9474-1A3956D46DE8}") = "第08课_封装_继承_多态", "第08课_封装_继承_多态", "{AB41503F-2C02-CC5B-9341-B8C7B563B146}"
EndProject
Project("{2150E333-8FDC-42A3-9474-1A3956D46DE8}") = "Examples", "Examples", "{1F2FD7E3-CB2B-4C2B-E425-4D0334A51B45}"
EndProject
Project("{FAE04EC0-301F-11D3-BF4B-00C04F79EFBC}") = "第08课_封装_继承_多态", "C#课程\第08课_封装_继承_多态\Examples\第08课_封装_继承_多态.csproj", "{5708FB1A-C6F4-41A4-A6D5-4FDB803F4B46}"
EndProject
Project("{2150E333-8FDC-42A3-9474-1A3956D46DE8}") = "第09课_异常处理与文件操作", "第09课_异常处理与文件操作", "{AE055CFE-BD8D-88AA-FD73-2214B6CDFBEA}"
EndProject
Project("{2150E333-8FDC-42A3-9474-1A3956D46DE8}") = "Examples", "Examples", "{4B8EF530-CA91-183F-C662-F4C652BC5504}"
EndProject
Project("{FAE04EC0-301F-11D3-BF4B-00C04F79EFBC}") = "第09课_异常处理与文件操作", "C#课程\第09课_异常处理与文件操作\Examples\第09课_异常处理与文件操作.csproj", "{09AAACA9-CB78-4AFF-9E28-0A25FCF89B9E}"
EndProject
Project("{2150E333-8FDC-42A3-9474-1A3956D46DE8}") = "第10课_集合_泛型_LINQ", "第10课_集合_泛型_LINQ", "{177F24CD-3AB0-395F-021F-68BACB0679D2}"
EndProject
Project("{2150E333-8FDC-42A3-9474-1A3956D46DE8}") = "Examples", "Examples", "{246F9F18-2AFD-DC1B-C231-D3FD14710CAD}"
EndProject
Project("{FAE04EC0-301F-11D3-BF4B-00C04F79EFBC}") = "第10课_集合_泛型_LINQ", "C#课程\第10课_集合_泛型_LINQ\Examples\第10课_集合_泛型_LINQ.csproj", "{00E416BD-F38F-43F5-BB86-4D83AA4A6215}"
EndProject
Project("{2150E333-8FDC-42A3-9474-1A3956D46DE8}") = "第11课_委托_事件_异步入门", "第11课_委托_事件_异步入门", "{569DD0B9-217B-266C-13ED-DE91EB1FA756}"
EndProject
Project("{2150E333-8FDC-42A3-9474-1A3956D46DE8}") = "Examples", "Examples", "{434C120E-7680-79CE-9E24-65937213EC20}"
EndProject
Project("{FAE04EC0-301F-11D3-BF4B-00C04F79EFBC}") = "第11课_委托_事件_异步入门", "C#课程\第11课_委托_事件_异步入门\Examples\第11课_委托_事件_异步入门.csproj", "{3537CDB6-2322-4B86-B45A-9A7E14EB96C0}"
EndProject
Project("{2150E333-8FDC-42A3-9474-1A3956D46DE8}") = "第12课_CSharp综合项目_学生成绩管理系统", "第12课_CSharp综合项目_学生成绩管理系统", "{3821093B-18D4-4858-8BD3-45D9707DD2AD}"
EndProject
Project("{2150E333-8FDC-42A3-9474-1A3956D46DE8}") = "Examples", "Examples", "{EAE9B9E9-F208-311F-043F-E36C9E170A93}"
EndProject
Project("{FAE04EC0-301F-11D3-BF4B-00C04F79EFBC}") = "第12课_CSharp综合项目_学生成绩管理系统", "C#课程\第12课_CSharp综合项目_学生成绩管理系统\Examples\第12课_CSharp综合项目_学生成绩管理系统.csproj", "{834CCC59-69D2-4DE6-A832-1A5286FFBA8B}"
EndProject
Project("{2150E333-8FDC-42A3-9474-1A3956D46DE8}") = "第13课_泛型_委托进阶_反射入门", "第13课_泛型_委托进阶_反射入门", "{0426FA9D-45BD-4791-9604-EB331C4B8CE8}"
EndProject
Project("{2150E333-8FDC-42A3-9474-1A3956D46DE8}") = "Examples", "Examples", "{EA5749BF-D2CF-3BDC-21B5-438D36D94EE8}"
EndProject
Project("{FAE04EC0-301F-11D3-BF4B-00C04F79EFBC}") = "第13课_泛型_委托进阶_反射入门", "C#课程\第13课_泛型_委托进阶_反射入门\Examples\第13课_泛型_委托进阶_反射入门.csproj", "{F4DE307B-84A7-4A29-B78C-C396389FC728}"
EndProject
Project("{2150E333-8FDC-42A3-9474-1A3956D46DE8}") = "第14课_异步并发与任务调试", "第14课_异步并发与任务调试", "{7348AAA2-4912-B617-75E7-871D9D3E8E07}"
EndProject
Project("{2150E333-8FDC-42A3-9474-1A3956D46DE8}") = "Examples", "Examples", "{42F577AB-16ED-34BD-9116-8F7BB7E10C57}"
EndProject
Project("{FAE04EC0-301F-11D3-BF4B-00C04F79EFBC}") = "第14课_异步并发与任务调试", "C#课程\第14课_异步并发与任务调试\Examples\第14课_异步并发与任务调试.csproj", "{08491CA9-21E8-4174-B988-7E239D3A8B45}"
EndProject
Project("{2150E333-8FDC-42A3-9474-1A3956D46DE8}") = "第15课_调试实战_异常定位与代码排错", "第15课_调试实战_异常定位与代码排错", "{CD5C8182-7873-84D2-3904-1C2A915CACA9}"
EndProject
Project("{2150E333-8FDC-42A3-9474-1A3956D46DE8}") = "Examples", "Examples", "{2485F59E-671C-BF5E-3B8B-9F147420E11D}"
EndProject
Project("{FAE04EC0-301F-11D3-BF4B-00C04F79EFBC}") = "第15课_调试实战_异常定位与代码排错", "C#课程\第15课_调试实战_异常定位与代码排错\Examples\第15课_调试实战_异常定位与代码排错.csproj", "{51307B98-AC86-403B-A559-24DAAC3D6D26}"
EndProject
Global
	GlobalSection(SolutionConfigurationPlatforms) = preSolution
		Debug|Any CPU = Debug|Any CPU
		Debug|x64 = Debug|x64
		Debug|x86 = Debug|x86
		Release|Any CPU = Release|Any CPU
		Release|x64 = Release|x64
		Release|x86 = Release|x86
	EndGlobalSection
	GlobalSection(ProjectConfigurationPlatforms) = postSolution
		{6420D94A-9092-415D-BE96-45A6D2EE0C3B}.Debug|Any CPU.ActiveCfg = Debug|Any CPU
		{6420D94A-9092-415D-BE96-45A6D2EE0C3B}.Debug|Any CPU.Build.0 = Debug|Any CPU
		{6420D94A-9092-415D-BE96-45A6D2EE0C3B}.Debug|x64.ActiveCfg = Debug|Any CPU
		{6420D94A-9092-415D-BE96-45A6D2EE0C3B}.Debug|x64.Build.0 = Debug|Any CPU
		{6420D94A-9092-415D-BE96-45A6D2EE0C3B}.Debug|x86.ActiveCfg = Debug|Any CPU
		{6420D94A-9092-415D-BE96-45A6D2EE0C3B}.Debug|x86.Build.0 = Debug|Any CPU
		{6420D94A-9092-415D-BE96-45A6D2EE0C3B}.Release|Any CPU.ActiveCfg = Release|Any CPU
		{6420D94A-9092-415D-BE96-45A6D2EE0C3B}.Release|Any CPU.Build.0 = Release|Any CPU
		{6420D94A-9092-415D-BE96-45A6D2EE0C3B}.Release|x64.ActiveCfg = Release|Any CPU
		{6420D94A-9092-415D-BE96-45A6D2EE0C3B}.Release|x64.Build.0 = Release|Any CPU
		{6420D94A-9092-415D-BE96-45A6D2EE0C3B}.Release|x86.ActiveCfg = Release|Any CPU
		{6420D94A-9092-415D-BE96-45A6D2EE0C3B}.Release|x86.Build.0 = Release|Any CPU
		{E3380375-9F98-4C72-A6D1-8CF59F71464F}.Debug|Any CPU.ActiveCfg = Debug|Any CPU
		{E3380375-9F98-4C72-A6D1-8CF59F71464F}.Debug|Any CPU.Build.0 = Debug|Any CPU
		{E3380375-9F98-4C72-A6D1-8CF59F71464F}.Debug|x64.ActiveCfg = Debug|Any CPU
		{E3380375-9F98-4C72-A6D1-8CF59F71464F}.Debug|x64.Build.0 = Debug|Any CPU
		{E3380375-9F98-4C72-A6D1-8CF59F71464F}.Debug|x86.ActiveCfg = Debug|Any CPU
		{E3380375-9F98-4C72-A6D1-8CF59F71464F}.Debug|x86.Build.0 = Debug|Any CPU
		{E3380375-9F98-4C72-A6D1-8CF59F71464F}.Release|Any CPU.ActiveCfg = Release|Any CPU
		{E3380375-9F98-4C72-A6D1-8CF59F71464F}.Release|Any CPU.Build.0 = Release|Any CPU
		{E3380375-9F98-4C72-A6D1-8CF59F71464F}.Release|x64.ActiveCfg = Release|Any CPU
		{E3380375-9F98-4C72-A6D1-8CF59F71464F}.Release|x64.Build.0 = Release|Any CPU
		{E3380375-9F98-4C72-A6D1-8CF59F71464F}.Release|x86.ActiveCfg = Release|Any CPU
		{E3380375-9F98-4C72-A6D1-8CF59F71464F}.Release|x86.Build.0 = Release|Any CPU
		{5C088CC0-6FC6-4C50-B455-0ADCB6F8211C}.Debug|Any CPU.ActiveCfg = Debug|Any CPU
		{5C088CC0-6FC6-4C50-B455-0ADCB6F8211C}.Debug|Any CPU.Build.0 = Debug|Any CPU
		{5C088CC0-6FC6-4C50-B455-0ADCB6F8211C}.Debug|x64.ActiveCfg = Debug|Any CPU
		{5C088CC0-6FC6-4C50-B455-0ADCB6F8211C}.Debug|x64.Build.0 = Debug|Any CPU
		{5C088CC0-6FC6-4C50-B455-0ADCB6F8211C}.Debug|x86.ActiveCfg = Debug|Any CPU
		{5C088CC0-6FC6-4C50-B455-0ADCB6F8211C}.Debug|x86.Build.0 = Debug|Any CPU
		{5C088CC0-6FC6-4C50-B455-0ADCB6F8211C}.Release|Any CPU.ActiveCfg = Release|Any CPU
		{5C088CC0-6FC6-4C50-B455-0ADCB6F8211C}.Release|Any CPU.Build.0 = Release|Any CPU
		{5C088CC0-6FC6-4C50-B455-0ADCB6F8211C}.Release|x64.ActiveCfg = Release|Any CPU
		{5C088CC0-6FC6-4C50-B455-0ADCB6F8211C}.Release|x64.Build.0 = Release|Any CPU
		{5C088CC0-6FC6-4C50-B455-0ADCB6F8211C}.Release|x86.ActiveCfg = Release|Any CPU
		{5C088CC0-6FC6-4C50-B455-0ADCB6F8211C}.Release|x86.Build.0 = Release|Any CPU
		{7DE5025B-1EB2-46AD-B35C-04A8D69E510C}.Debug|Any CPU.ActiveCfg = Debug|Any CPU
		{7DE5025B-1EB2-46AD-B35C-04A8D69E510C}.Debug|Any CPU.Build.0 = Debug|Any CPU
		{7DE5025B-1EB2-46AD-B35C-04A8D69E510C}.Debug|x64.ActiveCfg = Debug|Any CPU
		{7DE5025B-1EB2-46AD-B35C-04A8D69E510C}.Debug|x64.Build.0 = Debug|Any CPU
		{7DE5025B-1EB2-46AD-B35C-04A8D69E510C}.Debug|x86.ActiveCfg = Debug|Any CPU
		{7DE5025B-1EB2-46AD-B35C-04A8D69E510C}.Debug|x86.Build.0 = Debug|Any CPU
		{7DE5025B-1EB2-46AD-B35C-04A8D69E510C}.Release|Any CPU.ActiveCfg = Release|Any CPU
		{7DE5025B-1EB2-46AD-B35C-04A8D69E510C}.Release|Any CPU.Build.0 = Release|Any CPU
		{7DE5025B-1EB2-46AD-B35C-04A8D69E510C}.Release|x64.ActiveCfg = Release|Any CPU
		{7DE5025B-1EB2-46AD-B35C-04A8D69E510C}.Release|x64.Build.0 = Release|Any CPU
		{7DE5025B-1EB2-46AD-B35C-04A8D69E510C}.Release|x86.ActiveCfg = Release|Any CPU
		{7DE5025B-1EB2-46AD-B35C-04A8D69E510C}.Release|x86.Build.0 = Release|Any CPU
		{6EB50BBA-9026-49B1-A586-EC97746EDB5A}.Debug|Any CPU.ActiveCfg = Debug|Any CPU
		{6EB50BBA-9026-49B1-A586-EC97746EDB5A}.Debug|Any CPU.Build.0 = Debug|Any CPU
		{6EB50BBA-9026-49B1-A586-EC97746EDB5A}.Debug|x64.ActiveCfg = Debug|Any CPU
		{6EB50BBA-9026-49B1-A586-EC97746EDB5A}.Debug|x64.Build.0 = Debug|Any CPU
		{6EB50BBA-9026-49B1-A586-EC97746EDB5A}.Debug|x86.ActiveCfg = Debug|Any CPU
		{6EB50BBA-9026-49B1-A586-EC97746EDB5A}.Debug|x86.Build.0 = Debug|Any CPU
		{6EB50BBA-9026-49B1-A586-EC97746EDB5A}.Release|Any CPU.ActiveCfg = Release|Any CPU
		{6EB50BBA-9026-49B1-A586-EC97746EDB5A}.Release|Any CPU.Build.0 = Release|Any CPU
		{6EB50BBA-9026-49B1-A586-EC97746EDB5A}.Release|x64.ActiveCfg = Release|Any CPU
		{6EB50BBA-9026-49B1-A586-EC97746EDB5A}.Release|x64.Build.0 = Release|Any CPU
		{6EB50BBA-9026-49B1-A586-EC97746EDB5A}.Release|x86.ActiveCfg = Release|Any CPU
		{6EB50BBA-9026-49B1-A586-EC97746EDB5A}.Release|x86.Build.0 = Release|Any CPU
		{36178F06-3DF1-47DD-92BD-A6B9D63C60A1}.Debug|Any CPU.ActiveCfg = Debug|Any CPU
		{36178F06-3DF1-47DD-92BD-A6B9D63C60A1}.Debug|Any CPU.Build.0 = Debug|Any CPU
		{36178F06-3DF1-47DD-92BD-A6B9D63C60A1}.Debug|x64.ActiveCfg = Debug|Any CPU
		{36178F06-3DF1-47DD-92BD-A6B9D63C60A1}.Debug|x64.Build.0 = Debug|Any CPU
		{36178F06-3DF1-47DD-92BD-A6B9D63C60A1}.Debug|x86.ActiveCfg = Debug|Any CPU
		{36178F06-3DF1-47DD-92BD-A6B9D63C60A1}.Debug|x86.Build.0 = Debug|Any CPU
		{36178F06-3DF1-47DD-92BD-A6B9D63C60A1}.Release|Any CPU.ActiveCfg = Release|Any CPU
		{36178F06-3DF1-47DD-92BD-A6B9D63C60A1}.Release|Any CPU.Build.0 = Release|Any CPU
		{36178F06-3DF1-47DD-92BD-A6B9D63C60A1}.Release|x64.ActiveCfg = Release|Any CPU
		{36178F06-3DF1-47DD-92BD-A6B9D63C60A1}.Release|x64.Build.0 = Release|Any CPU
		{36178F06-3DF1-47DD-92BD-A6B9D63C60A1}.Release|x86.ActiveCfg = Release|Any CPU
		{36178F06-3DF1-47DD-92BD-A6B9D63C60A1}.Release|x86.Build.0 = Release|Any CPU
		{7495ADB0-106C-44AA-A82C-6838E24C1BA9}.Debug|Any CPU.ActiveCfg = Debug|Any CPU
		{7495ADB0-106C-44AA-A82C-6838E24C1BA9}.Debug|Any CPU.Build.0 = Debug|Any CPU
		{7495ADB0-106C-44AA-A82C-6838E24C1BA9}.Debug|x64.ActiveCfg = Debug|Any CPU
		{7495ADB0-106C-44AA-A82C-6838E24C1BA9}.Debug|x64.Build.0 = Debug|Any CPU
		{7495ADB0-106C-44AA-A82C-6838E24C1BA9}.Debug|x86.ActiveCfg = Debug|Any CPU
		{7495ADB0-106C-44AA-A82C-6838E24C1BA9}.Debug|x86.Build.0 = Debug|Any CPU
		{7495ADB0-106C-44AA-A82C-6838E24C1BA9}.Release|Any CPU.ActiveCfg = Release|Any CPU
		{7495ADB0-106C-44AA-A82C-6838E24C1BA9}.Release|Any CPU.Build.0 = Release|Any CPU
		{7495ADB0-106C-44AA-A82C-6838E24C1BA9}.Release|x64.ActiveCfg = Release|Any CPU
		{7495ADB0-106C-44AA-A82C-6838E24C1BA9}.Release|x64.Build.0 = Release|Any CPU
		{7495ADB0-106C-44AA-A82C-6838E24C1BA9}.Release|x86.ActiveCfg = Release|Any CPU
		{7495ADB0-106C-44AA-A82C-6838E24C1BA9}.Release|x86.Build.0 = Release|Any CPU
		{5708FB1A-C6F4-41A4-A6D5-4FDB803F4B46}.Debug|Any CPU.ActiveCfg = Debug|Any CPU
		{5708FB1A-C6F4-41A4-A6D5-4FDB803F4B46}.Debug|Any CPU.Build.0 = Debug|Any CPU
		{5708FB1A-C6F4-41A4-A6D5-4FDB803F4B46}.Debug|x64.ActiveCfg = Debug|Any CPU
		{5708FB1A-C6F4-41A4-A6D5-4FDB803F4B46}.Debug|x64.Build.0 = Debug|Any CPU
		{5708FB1A-C6F4-41A4-A6D5-4FDB803F4B46}.Debug|x86.ActiveCfg = Debug|Any CPU
		{5708FB1A-C6F4-41A4-A6D5-4FDB803F4B46}.Debug|x86.Build.0 = Debug|Any CPU
		{5708FB1A-C6F4-41A4-A6D5-4FDB803F4B46}.Release|Any CPU.ActiveCfg = Release|Any CPU
		{5708FB1A-C6F4-41A4-A6D5-4FDB803F4B46}.Release|Any CPU.Build.0 = Release|Any CPU
		{5708FB1A-C6F4-41A4-A6D5-4FDB803F4B46}.Release|x64.ActiveCfg = Release|Any CPU
		{5708FB1A-C6F4-41A4-A6D5-4FDB803F4B46}.Release|x64.Build.0 = Release|Any CPU
		{5708FB1A-C6F4-41A4-A6D5-4FDB803F4B46}.Release|x86.ActiveCfg = Release|Any CPU
		{5708FB1A-C6F4-41A4-A6D5-4FDB803F4B46}.Release|x86.Build.0 = Release|Any CPU
		{09AAACA9-CB78-4AFF-9E28-0A25FCF89B9E}.Debug|Any CPU.ActiveCfg = Debug|Any CPU
		{09AAACA9-CB78-4AFF-9E28-0A25FCF89B9E}.Debug|Any CPU.Build.0 = Debug|Any CPU
		{09AAACA9-CB78-4AFF-9E28-0A25FCF89B9E}.Debug|x64.ActiveCfg = Debug|Any CPU
		{09AAACA9-CB78-4AFF-9E28-0A25FCF89B9E}.Debug|x64.Build.0 = Debug|Any CPU
		{09AAACA9-CB78-4AFF-9E28-0A25FCF89B9E}.Debug|x86.ActiveCfg = Debug|Any CPU
		{09AAACA9-CB78-4AFF-9E28-0A25FCF89B9E}.Debug|x86.Build.0 = Debug|Any CPU
		{09AAACA9-CB78-4AFF-9E28-0A25FCF89B9E}.Release|Any CPU.ActiveCfg = Release|Any CPU
		{09AAACA9-CB78-4AFF-9E28-0A25FCF89B9E}.Release|Any CPU.Build.0 = Release|Any CPU
		{09AAACA9-CB78-4AFF-9E28-0A25FCF89B9E}.Release|x64.ActiveCfg = Release|Any CPU
		{09AAACA9-CB78-4AFF-9E28-0A25FCF89B9E}.Release|x64.Build.0 = Release|Any CPU
		{09AAACA9-CB78-4AFF-9E28-0A25FCF89B9E}.Release|x86.ActiveCfg = Release|Any CPU
		{09AAACA9-CB78-4AFF-9E28-0A25FCF89B9E}.Release|x86.Build.0 = Release|Any CPU
		{00E416BD-F38F-43F5-BB86-4D83AA4A6215}.Debug|Any CPU.ActiveCfg = Debug|Any CPU
		{00E416BD-F38F-43F5-BB86-4D83AA4A6215}.Debug|Any CPU.Build.0 = Debug|Any CPU
		{00E416BD-F38F-43F5-BB86-4D83AA4A6215}.Debug|x64.ActiveCfg = Debug|Any CPU
		{00E416BD-F38F-43F5-BB86-4D83AA4A6215}.Debug|x64.Build.0 = Debug|Any CPU
		{00E416BD-F38F-43F5-BB86-4D83AA4A6215}.Debug|x86.ActiveCfg = Debug|Any CPU
		{00E416BD-F38F-43F5-BB86-4D83AA4A6215}.Debug|x86.Build.0 = Debug|Any CPU
		{00E416BD-F38F-43F5-BB86-4D83AA4A6215}.Release|Any CPU.ActiveCfg = Release|Any CPU
		{00E416BD-F38F-43F5-BB86-4D83AA4A6215}.Release|Any CPU.Build.0 = Release|Any CPU
		{00E416BD-F38F-43F5-BB86-4D83AA4A6215}.Release|x64.ActiveCfg = Release|Any CPU
		{00E416BD-F38F-43F5-BB86-4D83AA4A6215}.Release|x64.Build.0 = Release|Any CPU
		{00E416BD-F38F-43F5-BB86-4D83AA4A6215}.Release|x86.ActiveCfg = Release|Any CPU
		{00E416BD-F38F-43F5-BB86-4D83AA4A6215}.Release|x86.Build.0 = Release|Any CPU
		{3537CDB6-2322-4B86-B45A-9A7E14EB96C0}.Debug|Any CPU.ActiveCfg = Debug|Any CPU
		{3537CDB6-2322-4B86-B45A-9A7E14EB96C0}.Debug|Any CPU.Build.0 = Debug|Any CPU
		{3537CDB6-2322-4B86-B45A-9A7E14EB96C0}.Debug|x64.ActiveCfg = Debug|Any CPU
		{3537CDB6-2322-4B86-B45A-9A7E14EB96C0}.Debug|x64.Build.0 = Debug|Any CPU
		{3537CDB6-2322-4B86-B45A-9A7E14EB96C0}.Debug|x86.ActiveCfg = Debug|Any CPU
		{3537CDB6-2322-4B86-B45A-9A7E14EB96C0}.Debug|x86.Build.0 = Debug|Any CPU
		{3537CDB6-2322-4B86-B45A-9A7E14EB96C0}.Release|Any CPU.ActiveCfg = Release|Any CPU
		{3537CDB6-2322-4B86-B45A-9A7E14EB96C0}.Release|Any CPU.Build.0 = Release|Any CPU
		{3537CDB6-2322-4B86-B45A-9A7E14EB96C0}.Release|x64.ActiveCfg = Release|Any CPU
		{3537CDB6-2322-4B86-B45A-9A7E14EB96C0}.Release|x64.Build.0 = Release|Any CPU
		{3537CDB6-2322-4B86-B45A-9A7E14EB96C0}.Release|x86.ActiveCfg = Release|Any CPU
		{3537CDB6-2322-4B86-B45A-9A7E14EB96C0}.Release|x86.Build.0 = Release|Any CPU
		{834CCC59-69D2-4DE6-A832-1A5286FFBA8B}.Debug|Any CPU.ActiveCfg = Debug|Any CPU
		{834CCC59-69D2-4DE6-A832-1A5286FFBA8B}.Debug|Any CPU.Build.0 = Debug|Any CPU
		{834CCC59-69D2-4DE6-A832-1A5286FFBA8B}.Debug|x64.ActiveCfg = Debug|Any CPU
		{834CCC59-69D2-4DE6-A832-1A5286FFBA8B}.Debug|x64.Build.0 = Debug|Any CPU
		{834CCC59-69D2-4DE6-A832-1A5286FFBA8B}.Debug|x86.ActiveCfg = Debug|Any CPU
		{834CCC59-69D2-4DE6-A832-1A5286FFBA8B}.Debug|x86.Build.0 = Debug|Any CPU
		{834CCC59-69D2-4DE6-A832-1A5286FFBA8B}.Release|Any CPU.ActiveCfg = Release|Any CPU
		{834CCC59-69D2-4DE6-A832-1A5286FFBA8B}.Release|Any CPU.Build.0 = Release|Any CPU
		{834CCC59-69D2-4DE6-A832-1A5286FFBA8B}.Release|x64.ActiveCfg = Release|Any CPU
		{834CCC59-69D2-4DE6-A832-1A5286FFBA8B}.Release|x64.Build.0 = Release|Any CPU
		{834CCC59-69D2-4DE6-A832-1A5286FFBA8B}.Release|x86.ActiveCfg = Release|Any CPU
		{834CCC59-69D2-4DE6-A832-1A5286FFBA8B}.Release|x86.Build.0 = Release|Any CPU
		{F4DE307B-84A7-4A29-B78C-C396389FC728}.Debug|Any CPU.ActiveCfg = Debug|Any CPU
		{F4DE307B-84A7-4A29-B78C-C396389FC728}.Debug|Any CPU.Build.0 = Debug|Any CPU
		{F4DE307B-84A7-4A29-B78C-C396389FC728}.Debug|x64.ActiveCfg = Debug|Any CPU
		{F4DE307B-84A7-4A29-B78C-C396389FC728}.Debug|x64.Build.0 = Debug|Any CPU
		{F4DE307B-84A7-4A29-B78C-C396389FC728}.Debug|x86.ActiveCfg = Debug|Any CPU
		{F4DE307B-84A7-4A29-B78C-C396389FC728}.Debug|x86.Build.0 = Debug|Any CPU
		{F4DE307B-84A7-4A29-B78C-C396389FC728}.Release|Any CPU.ActiveCfg = Release|Any CPU
		{F4DE307B-84A7-4A29-B78C-C396389FC728}.Release|Any CPU.Build.0 = Release|Any CPU
		{F4DE307B-84A7-4A29-B78C-C396389FC728}.Release|x64.ActiveCfg = Release|Any CPU
		{F4DE307B-84A7-4A29-B78C-C396389FC728}.Release|x64.Build.0 = Release|Any CPU
		{F4DE307B-84A7-4A29-B78C-C396389FC728}.Release|x86.ActiveCfg = Release|Any CPU
		{F4DE307B-84A7-4A29-B78C-C396389FC728}.Release|x86.Build.0 = Release|Any CPU
		{08491CA9-21E8-4174-B988-7E239D3A8B45}.Debug|Any CPU.ActiveCfg = Debug|Any CPU
		{08491CA9-21E8-4174-B988-7E239D3A8B45}.Debug|Any CPU.Build.0 = Debug|Any CPU
		{08491CA9-21E8-4174-B988-7E239D3A8B45}.Debug|x64.ActiveCfg = Debug|Any CPU
		{08491CA9-21E8-4174-B988-7E239D3A8B45}.Debug|x64.Build.0 = Debug|Any CPU
		{08491CA9-21E8-4174-B988-7E239D3A8B45}.Debug|x86.ActiveCfg = Debug|Any CPU
		{08491CA9-21E8-4174-B988-7E239D3A8B45}.Debug|x86.Build.0 = Debug|Any CPU
		{08491CA9-21E8-4174-B988-7E239D3A8B45}.Release|Any CPU.ActiveCfg = Release|Any CPU
		{08491CA9-21E8-4174-B988-7E239D3A8B45}.Release|Any CPU.Build.0 = Release|Any CPU
		{08491CA9-21E8-4174-B988-7E239D3A8B45}.Release|x64.ActiveCfg = Release|Any CPU
		{08491CA9-21E8-4174-B988-7E239D3A8B45}.Release|x64.Build.0 = Release|Any CPU
		{08491CA9-21E8-4174-B988-7E239D3A8B45}.Release|x86.ActiveCfg = Release|Any CPU
		{08491CA9-21E8-4174-B988-7E239D3A8B45}.Release|x86.Build.0 = Release|Any CPU
		{51307B98-AC86-403B-A559-24DAAC3D6D26}.Debug|Any CPU.ActiveCfg = Debug|Any CPU
		{51307B98-AC86-403B-A559-24DAAC3D6D26}.Debug|Any CPU.Build.0 = Debug|Any CPU
		{51307B98-AC86-403B-A559-24DAAC3D6D26}.Debug|x64.ActiveCfg = Debug|Any CPU
		{51307B98-AC86-403B-A559-24DAAC3D6D26}.Debug|x64.Build.0 = Debug|Any CPU
		{51307B98-AC86-403B-A559-24DAAC3D6D26}.Debug|x86.ActiveCfg = Debug|Any CPU
		{51307B98-AC86-403B-A559-24DAAC3D6D26}.Debug|x86.Build.0 = Debug|Any CPU
		{51307B98-AC86-403B-A559-24DAAC3D6D26}.Release|Any CPU.ActiveCfg = Release|Any CPU
		{51307B98-AC86-403B-A559-24DAAC3D6D26}.Release|Any CPU.Build.0 = Release|Any CPU
		{51307B98-AC86-403B-A559-24DAAC3D6D26}.Release|x64.ActiveCfg = Release|Any CPU
		{51307B98-AC86-403B-A559-24DAAC3D6D26}.Release|x64.Build.0 = Release|Any CPU
		{51307B98-AC86-403B-A559-24DAAC3D6D26}.Release|x86.ActiveCfg = Release|Any CPU
		{51307B98-AC86-403B-A559-24DAAC3D6D26}.Release|x86.Build.0 = Release|Any CPU
	EndGlobalSection
	GlobalSection(SolutionProperties) = preSolution
		HideSolutionNode = FALSE
	EndGlobalSection
	GlobalSection(NestedProjects) = preSolution
		{63217BE5-B4FB-1115-5632-ED3A89A3E81C} = {DF9BDAF8-4F74-8EC5-A75F-450B85C23C02}
		{A8E9ABEB-C038-F8C0-6B79-C3021EE39FA8} = {63217BE5-B4FB-1115-5632-ED3A89A3E81C}
		{6420D94A-9092-415D-BE96-45A6D2EE0C3B} = {A8E9ABEB-C038-F8C0-6B79-C3021EE39FA8}
		{00B10D18-7798-2906-204A-3034CBC8F480} = {DF9BDAF8-4F74-8EC5-A75F-450B85C23C02}
		{0ADBB292-204A-573B-9D2D-3D9CFFEE2501} = {00B10D18-7798-2906-204A-3034CBC8F480}
		{E3380375-9F98-4C72-A6D1-8CF59F71464F} = {0ADBB292-204A-573B-9D2D-3D9CFFEE2501}
		{729C83CB-A395-C7D7-77D2-DA3D2413E9B3} = {DF9BDAF8-4F74-8EC5-A75F-450B85C23C02}
		{6D7FA3E2-BBFF-B894-56B9-1A5F1F4CACE3} = {729C83CB-A395-C7D7-77D2-DA3D2413E9B3}
		{5C088CC0-6FC6-4C50-B455-0ADCB6F8211C} = {6D7FA3E2-BBFF-B894-56B9-1A5F1F4CACE3}
		{0EBE556C-BCDC-8D61-0CCE-54B0021AE9AF} = {DF9BDAF8-4F74-8EC5-A75F-450B85C23C02}
		{649020E1-6D02-8CD0-6B5D-82A8AE264A30} = {0EBE556C-BCDC-8D61-0CCE-54B0021AE9AF}
		{7DE5025B-1EB2-46AD-B35C-04A8D69E510C} = {649020E1-6D02-8CD0-6B5D-82A8AE264A30}
		{233DD281-B355-2BBA-ECA7-DA21580EF00B} = {DF9BDAF8-4F74-8EC5-A75F-450B85C23C02}
		{A4E8AE21-F2F1-452A-851C-AF31966C9667} = {233DD281-B355-2BBA-ECA7-DA21580EF00B}
		{6EB50BBA-9026-49B1-A586-EC97746EDB5A} = {A4E8AE21-F2F1-452A-851C-AF31966C9667}
		{540A8F94-ED4C-80C4-666C-75F7D421422B} = {DF9BDAF8-4F74-8EC5-A75F-450B85C23C02}
		{2FCC55E1-0F2D-B005-FBB3-95C81D07176E} = {540A8F94-ED4C-80C4-666C-75F7D421422B}
		{36178F06-3DF1-47DD-92BD-A6B9D63C60A1} = {2FCC55E1-0F2D-B005-FBB3-95C81D07176E}
		{EE8B1235-F3F9-247B-C588-2F53B8EB4D03} = {DF9BDAF8-4F74-8EC5-A75F-450B85C23C02}
		{74F2C3EA-7BE5-B5EF-F812-3324E9CDE06C} = {EE8B1235-F3F9-247B-C588-2F53B8EB4D03}
		{7495ADB0-106C-44AA-A82C-6838E24C1BA9} = {74F2C3EA-7BE5-B5EF-F812-3324E9CDE06C}
		{AB41503F-2C02-CC5B-9341-B8C7B563B146} = {DF9BDAF8-4F74-8EC5-A75F-450B85C23C02}
		{1F2FD7E3-CB2B-4C2B-E425-4D0334A51B45} = {AB41503F-2C02-CC5B-9341-B8C7B563B146}
		{5708FB1A-C6F4-41A4-A6D5-4FDB803F4B46} = {1F2FD7E3-CB2B-4C2B-E425-4D0334A51B45}
		{AE055CFE-BD8D-88AA-FD73-2214B6CDFBEA} = {DF9BDAF8-4F74-8EC5-A75F-450B85C23C02}
		{4B8EF530-CA91-183F-C662-F4C652BC5504} = {AE055CFE-BD8D-88AA-FD73-2214B6CDFBEA}
		{09AAACA9-CB78-4AFF-9E28-0A25FCF89B9E} = {4B8EF530-CA91-183F-C662-F4C652BC5504}
		{177F24CD-3AB0-395F-021F-68BACB0679D2} = {DF9BDAF8-4F74-8EC5-A75F-450B85C23C02}
		{246F9F18-2AFD-DC1B-C231-D3FD14710CAD} = {177F24CD-3AB0-395F-021F-68BACB0679D2}
		{00E416BD-F38F-43F5-BB86-4D83AA4A6215} = {246F9F18-2AFD-DC1B-C231-D3FD14710CAD}
		{569DD0B9-217B-266C-13ED-DE91EB1FA756} = {DF9BDAF8-4F74-8EC5-A75F-450B85C23C02}
		{434C120E-7680-79CE-9E24-65937213EC20} = {569DD0B9-217B-266C-13ED-DE91EB1FA756}
		{3537CDB6-2322-4B86-B45A-9A7E14EB96C0} = {434C120E-7680-79CE-9E24-65937213EC20}
		{3821093B-18D4-4858-8BD3-45D9707DD2AD} = {DF9BDAF8-4F74-8EC5-A75F-450B85C23C02}
		{EAE9B9E9-F208-311F-043F-E36C9E170A93} = {3821093B-18D4-4858-8BD3-45D9707DD2AD}
		{834CCC59-69D2-4DE6-A832-1A5286FFBA8B} = {EAE9B9E9-F208-311F-043F-E36C9E170A93}
		{0426FA9D-45BD-4791-9604-EB331C4B8CE8} = {DF9BDAF8-4F74-8EC5-A75F-450B85C23C02}
		{EA5749BF-D2CF-3BDC-21B5-438D36D94EE8} = {0426FA9D-45BD-4791-9604-EB331C4B8CE8}
		{F4DE307B-84A7-4A29-B78C-C396389FC728} = {EA5749BF-D2CF-3BDC-21B5-438D36D94EE8}
		{7348AAA2-4912-B617-75E7-871D9D3E8E07} = {DF9BDAF8-4F74-8EC5-A75F-450B85C23C02}
		{42F577AB-16ED-34BD-9116-8F7BB7E10C57} = {7348AAA2-4912-B617-75E7-871D9D3E8E07}
		{08491CA9-21E8-4174-B988-7E239D3A8B45} = {42F577AB-16ED-34BD-9116-8F7BB7E10C57}
		{CD5C8182-7873-84D2-3904-1C2A915CACA9} = {DF9BDAF8-4F74-8EC5-A75F-450B85C23C02}
		{2485F59E-671C-BF5E-3B8B-9F147420E11D} = {CD5C8182-7873-84D2-3904-1C2A915CACA9}
		{51307B98-AC86-403B-A559-24DAAC3D6D26} = {2485F59E-671C-BF5E-3B8B-9F147420E11D}
	EndGlobalSection
EndGlobal
